
Microsoft Visual Studio Solution File, Format Version 12.00
# Visual Studio 15
VisualStudioVersion = 15.0.26228.4
MinimumVisualStudioVersion = 10.0.40219.1
Project("{2150E333-8FDC-42A3-9474-1A3956D46DE8}") = "Solution Items", "Solution Items", "{A4810C81-6979-4882-8F05-F0CC88725796}"
	ProjectSection(SolutionItems) = preProject
		LICENSE = LICENSE
		README-J.md = README-J.md
		README.md = README.md
	EndProjectSection
EndProject
Project("{D954291E-2A0B-460D-934E-DC6B0785DB48}") = "ClientStarterShared", "ClientStarterShared\ClientStarterShared.shproj", "{48A1C79C-428F-41D0-9736-FB345FBDC75E}"
EndProject
Project("{7CF6DF6D-3B04-46F8-A40B-537D21BCA0B4}") = "ReferenceManual", "ReferenceManual\ReferenceManual.shfbproj", "{AA1B0B96-CCC8-4B88-8D3C-7A30304F1FEC}"
EndProject
Project("{FAE04EC0-301F-11D3-BF4B-00C04F79EFBC}") = "AIWolfLib", "AIWolfLib\AIWolfLib.csproj", "{DF6E6D37-3DF4-4C6E-A942-1155FBD9BCB6}"
EndProject
Project("{FAE04EC0-301F-11D3-BF4B-00C04F79EFBC}") = "AIWolfPlayer", "AIWolfPlayer\AIWolfPlayer.csproj", "{D0B69BCB-0A13-4424-8522-222CEE161ADE}"
EndProject
Project("{FAE04EC0-301F-11D3-BF4B-00C04F79EFBC}") = "ClientStarter", "ClientStarter\ClientStarter.csproj", "{89B34F81-E7C1-42CF-AB30-DAFFADD8E572}"
EndProject
Project("{FAE04EC0-301F-11D3-BF4B-00C04F79EFBC}") = "ClientStarter4", "ClientStarter4\ClientStarter4.csproj", "{32997635-ED38-43DF-B293-C44EF82CB722}"
EndProject
Global
	GlobalSection(SharedMSBuildProjectFiles) = preSolution
		ClientStarterShared\ClientStarterShared.projitems*{32997635-ed38-43df-b293-c44ef82cb722}*SharedItemsImports = 4
		ClientStarterShared\ClientStarterShared.projitems*{48a1c79c-428f-41d0-9736-fb345fbdc75e}*SharedItemsImports = 13
	EndGlobalSection
	GlobalSection(SolutionConfigurationPlatforms) = preSolution
		Debug|Any CPU = Debug|Any CPU
		Debug|x64 = Debug|x64
		Debug|x86 = Debug|x86
		Release|Any CPU = Release|Any CPU
		Release|x64 = Release|x64
		Release|x86 = Release|x86
	EndGlobalSection
	GlobalSection(ProjectConfigurationPlatforms) = postSolution
		{AA1B0B96-CCC8-4B88-8D3C-7A30304F1FEC}.Debug|Any CPU.ActiveCfg = Debug|Any CPU
		{AA1B0B96-CCC8-4B88-8D3C-7A30304F1FEC}.Debug|Any CPU.Build.0 = Debug|Any CPU
		{AA1B0B96-CCC8-4B88-8D3C-7A30304F1FEC}.Debug|x64.ActiveCfg = Debug|Any CPU
		{AA1B0B96-CCC8-4B88-8D3C-7A30304F1FEC}.Debug|x64.Build.0 = Debug|Any CPU
		{AA1B0B96-CCC8-4B88-8D3C-7A30304F1FEC}.Debug|x86.ActiveCfg = Debug|Any CPU
		{AA1B0B96-CCC8-4B88-8D3C-7A30304F1FEC}.Debug|x86.Build.0 = Debug|Any CPU
		{AA1B0B96-CCC8-4B88-8D3C-7A30304F1FEC}.Release|Any CPU.ActiveCfg = Release|Any CPU
		{AA1B0B96-CCC8-4B88-8D3C-7A30304F1FEC}.Release|Any CPU.Build.0 = Release|Any CPU
		{AA1B0B96-CCC8-4B88-8D3C-7A30304F1FEC}.Release|x64.ActiveCfg = Release|Any CPU
		{AA1B0B96-CCC8-4B88-8D3C-7A30304F1FEC}.Release|x64.Build.0 = Release|Any CPU
		{AA1B0B96-CCC8-4B88-8D3C-7A30304F1FEC}.Release|x86.ActiveCfg = Release|Any CPU
		{AA1B0B96-CCC8-4B88-8D3C-7A30304F1FEC}.Release|x86.Build.0 = Release|Any CPU
		{DF6E6D37-3DF4-4C6E-A942-1155FBD9BCB6}.Debug|Any CPU.ActiveCfg = Debug|Any CPU
		{DF6E6D37-3DF4-4C6E-A942-1155FBD9BCB6}.Debug|Any CPU.Build.0 = Debug|Any CPU
		{DF6E6D37-3DF4-4C6E-A942-1155FBD9BCB6}.Debug|x64.ActiveCfg = Debug|Any CPU
		{DF6E6D37-3DF4-4C6E-A942-1155FBD9BCB6}.Debug|x64.Build.0 = Debug|Any CPU
		{DF6E6D37-3DF4-4C6E-A942-1155FBD9BCB6}.Debug|x86.ActiveCfg = Debug|Any CPU
		{DF6E6D37-3DF4-4C6E-A942-1155FBD9BCB6}.Debug|x86.Build.0 = Debug|Any CPU
		{DF6E6D37-3DF4-4C6E-A942-1155FBD9BCB6}.Release|Any CPU.ActiveCfg = Release|Any CPU
		{DF6E6D37-3DF4-4C6E-A942-1155FBD9BCB6}.Release|Any CPU.Build.0 = Release|Any CPU
		{DF6E6D37-3DF4-4C6E-A942-1155FBD9BCB6}.Release|x64.ActiveCfg = Release|Any CPU
		{DF6E6D37-3DF4-4C6E-A942-1155FBD9BCB6}.Release|x64.Build.0 = Release|Any CPU
		{DF6E6D37-3DF4-4C6E-A942-1155FBD9BCB6}.Release|x86.ActiveCfg = Release|Any CPU
		{DF6E6D37-3DF4-4C6E-A942-1155FBD9BCB6}.Release|x86.Build.0 = Release|Any CPU
		{D0B69BCB-0A13-4424-8522-222CEE161ADE}.Debug|Any CPU.ActiveCfg = Debug|Any CPU
		{D0B69BCB-0A13-4424-8522-222CEE161ADE}.Debug|Any CPU.Build.0 = Debug|Any CPU
		{D0B69BCB-0A13-4424-8522-222CEE161ADE}.Debug|x64.ActiveCfg = Debug|Any CPU
		{D0B69BCB-0A13-4424-8522-222CEE161ADE}.Debug|x64.Build.0 = Debug|Any CPU
		{D0B69BCB-0A13-4424-8522-222CEE161ADE}.Debug|x86.ActiveCfg = Debug|Any CPU
		{D0B69BCB-0A13-4424-8522-222CEE161ADE}.Debug|x86.Build.0 = Debug|Any CPU
		{D0B69BCB-0A13-4424-8522-222CEE161ADE}.Release|Any CPU.ActiveCfg = Release|Any CPU
		{D0B69BCB-0A13-4424-8522-222CEE161ADE}.Release|Any CPU.Build.0 = Release|Any CPU
		{D0B69BCB-0A13-4424-8522-222CEE161ADE}.Release|x64.ActiveCfg = Release|Any CPU
		{D0B69BCB-0A13-4424-8522-222CEE161ADE}.Release|x64.Build.0 = Release|Any CPU
		{D0B69BCB-0A13-4424-8522-222CEE161ADE}.Release|x86.ActiveCfg = Release|Any CPU
		{D0B69BCB-0A13-4424-8522-222CEE161ADE}.Release|x86.Build.0 = Release|Any CPU
		{89B34F81-E7C1-42CF-AB30-DAFFADD8E572}.Debug|Any CPU.ActiveCfg = Debug|Any CPU
		{89B34F81-E7C1-42CF-AB30-DAFFADD8E572}.Debug|Any CPU.Build.0 = Debug|Any CPU
		{89B34F81-E7C1-42CF-AB30-DAFFADD8E572}.Debug|x64.ActiveCfg = Debug|Any CPU
		{89B34F81-E7C1-42CF-AB30-DAFFADD8E572}.Debug|x64.Build.0 = Debug|Any CPU
		{89B34F81-E7C1-42CF-AB30-DAFFADD8E572}.Debug|x86.ActiveCfg = Debug|Any CPU
		{89B34F81-E7C1-42CF-AB30-DAFFADD8E572}.Debug|x86.Build.0 = Debug|Any CPU
		{89B34F81-E7C1-42CF-AB30-DAFFADD8E572}.Release|Any CPU.ActiveCfg = Release|Any CPU
		{89B34F81-E7C1-42CF-AB30-DAFFADD8E572}.Release|Any CPU.Build.0 = Release|Any CPU
		{89B34F81-E7C1-42CF-AB30-DAFFADD8E572}.Release|x64.ActiveCfg = Release|Any CPU
		{89B34F81-E7C1-42CF-AB30-DAFFADD8E572}.Release|x64.Build.0 = Release|Any CPU
		{89B34F81-E7C1-42CF-AB30-DAFFADD8E572}.Release|x86.ActiveCfg = Release|Any CPU
		{89B34F81-E7C1-42CF-AB30-DAFFADD8E572}.Release|x86.Build.0 = Release|Any CPU
		{32997635-ED38-43DF-B293-C44EF82CB722}.Debug|Any CPU.ActiveCfg = Debug|Any CPU
		{32997635-ED38-43DF-B293-C44EF82CB722}.Debug|Any CPU.Build.0 = Debug|Any CPU
		{32997635-ED38-43DF-B293-C44EF82CB722}.Debug|x64.ActiveCfg = Debug|Any CPU
		{32997635-ED38-43DF-B293-C44EF82CB722}.Debug|x64.Build.0 = Debug|Any CPU
		{32997635-ED38-43DF-B293-C44EF82CB722}.Debug|x86.ActiveCfg = Debug|Any CPU
		{32997635-ED38-43DF-B293-C44EF82CB722}.Debug|x86.Build.0 = Debug|Any CPU
		{32997635-ED38-43DF-B293-C44EF82CB722}.Release|Any CPU.ActiveCfg = Release|Any CPU
		{32997635-ED38-43DF-B293-C44EF82CB722}.Release|Any CPU.Build.0 = Release|Any CPU
		{32997635-ED38-43DF-B293-C44EF82CB722}.Release|x64.ActiveCfg = Release|Any CPU
		{32997635-ED38-43DF-B293-C44EF82CB722}.Release|x64.Build.0 = Release|Any CPU
		{32997635-ED38-43DF-B293-C44EF82CB722}.Release|x86.ActiveCfg = Release|Any CPU
		{32997635-ED38-43DF-B293-C44EF82CB722}.Release|x86.Build.0 = Release|Any CPU
	EndGlobalSection
	GlobalSection(SolutionProperties) = preSolution
		HideSolutionNode = FALSE
	EndGlobalSection
EndGlobal
